PODS:
  - Capacitor (5.7.8):
    - CapacitorCordova
  - CapacitorCommunitySpeechRecognition (7.0.1):
    - Capacitor
  - CapacitorCordova (5.7.8)
  - CapacitorSplashScreen (5.0.8):
    - Capacitor
  - CapacitorStatusBar (5.0.8):
    - Capacitor
  - EbarooniCapacitorCalendar (8.1.0):
    - Capacitor
  - PurchasesHybridCommon (17.55.1):
    - RevenueCat (= 5.67.1)
  - RevenueCat (5.67.1)
  - RevenuecatPurchasesCapacitor (12.3.2):
    - Capacitor
    - PurchasesHybridCommon (= 17.55.1)

DEPENDENCIES:
  - "Capacitor (from `../../node_modules/@capacitor/ios`)"
  - "CapacitorCommunitySpeechRecognition (from `../../node_modules/@capacitor-community/speech-recognition`)"
  - "CapacitorCordova (from `../../node_modules/@capacitor/ios`)"
  - "CapacitorSplashScreen (from `../../node_modules/@capacitor/splash-screen`)"
  - "CapacitorStatusBar (from `../../node_modules/@capacitor/status-bar`)"
  - "EbarooniCapacitorCalendar (from `../../node_modules/@ebarooni/capacitor-calendar`)"
  - "RevenuecatPurchasesCapacitor (from `../../node_modules/@revenuecat/purchases-capacitor`)"

SPEC REPOS:
  trunk:
    - PurchasesHybridCommon
    - RevenueCat

EXTERNAL SOURCES:
  Capacitor:
    :path: "../../node_modules/@capacitor/ios"
  CapacitorCommunitySpeechRecognition:
    :path: "../../node_modules/@capacitor-community/speech-recognition"
  CapacitorCordova:
    :path: "../../node_modules/@capacitor/ios"
  CapacitorSplashScreen:
    :path: "../../node_modules/@capacitor/splash-screen"
  CapacitorStatusBar:
    :path: "../../node_modules/@capacitor/status-bar"
  EbarooniCapacitorCalendar:
    :path: "../../node_modules/@ebarooni/capacitor-calendar"
  RevenuecatPurchasesCapacitor:
    :path: "../../node_modules/@revenuecat/purchases-capacitor"

SPEC CHECKSUMS:
  Capacitor: 9686e5711b48a1aa84671ede795d0175848abcba
  CapacitorCommunitySpeechRecognition: 3e03566c44c2bb3b52391a33d4518b1adbdeb38f
  CapacitorCordova: 31ab98dca2ddcee051027a1afe7e8c85c82f7297
  CapacitorSplashScreen: 0b962a2bee014151569dc59b089ba0e93daeeaf0
  CapacitorStatusBar: 8e0a8f213504695505dc8c4f808dffbe03aa0e0f
  EbarooniCapacitorCalendar: a34d68c27b0bd266bb017764d977f7c5d43cca5a
  PurchasesHybridCommon: ecd9d7c586287625f1225b8de5e24c1021502270
  RevenueCat: 9357239a9f0978285e68983637b8a602e65c94f0
  RevenuecatPurchasesCapacitor: c299be01b1a5c1d5eb118c30eadc84160944ecf2

PODFILE CHECKSUM: 1bc60b6f286cb74c380b5e8fb3495d5d27f0739b

COCOAPODS: 1.16.2
